
Microsoft Visual Studio Solution File, Format Version 12.00
# Visual Studio Version 17
VisualStudioVersion = 17.5.002.0
MinimumVisualStudioVersion = 10.0.40219.1
Project("{2150E333-8FDC-42A3-9474-1A3956D46DE8}") = "Lesson_00", "Lesson_00", "{F540E157-2F6D-454F-AECB-D591E0B5C233}"
EndProject
Project("{2150E333-8FDC-42A3-9474-1A3956D46DE8}") = "Projects", "Projects", "{3C072978-6A2B-4230-BFC8-2C850B2E5DAB}"
EndProject
Project("{9A19103F-16F7-4668-BE54-9A1E7A4F7556}") = "HelloWorld2", "Lesson_00\Projects\HelloWorld2\HelloWorld2.csproj", "{E6B15056-81B6-4FE4-8CF1-B8A27478DE6D}"
EndProject
Project("{9A19103F-16F7-4668-BE54-9A1E7A4F7556}") = "HelloWorld", "Lesson_00\Projects\HelloWorld\HelloWorld.csproj", "{BD44FE88-EB28-447B-B077-41BA18D115E3}"
EndProject
Project("{2150E333-8FDC-42A3-9474-1A3956D46DE8}") = "Lesson_01", "Lesson_01", "{D36489D6-84D2-40B6-8D46-AEA23C9DC58C}"
EndProject
Project("{2150E333-8FDC-42A3-9474-1A3956D46DE8}") = "Projects", "Projects", "{39916D3E-4719-4316-B1BE-894CD18D42D4}"
EndProject
Project("{FAE04EC0-301F-11D3-BF4B-00C04F79EFBC}") = "ShopApp", "Lesson_01\Projects\ShopApp\ShopApp.csproj", "{7B618E7A-D88B-4692-AD22-EEF8FD621AA6}"
EndProject
Project("{2150E333-8FDC-42A3-9474-1A3956D46DE8}") = "Lesson_02", "Lesson_02", "{08E2CF4D-F5BA-4337-9335-E8D54593C83E}"
EndProject
Project("{2150E333-8FDC-42A3-9474-1A3956D46DE8}") = "Projects", "Projects", "{05F8D949-E905-462F-99DB-E7075934E5F1}"
EndProject
Project("{FAE04EC0-301F-11D3-BF4B-00C04F79EFBC}") = "ToDoApp", "Lesson_02\Projects\ToDoApp\ToDoApp.csproj", "{CB6F93CB-E8A3-457D-B5C6-D077FD67D09C}"
EndProject
Project("{2150E333-8FDC-42A3-9474-1A3956D46DE8}") = "Lesson_03", "Lesson_03", "{6871070E-DE07-4532-B613-AF15760903BF}"
EndProject
Project("{2150E333-8FDC-42A3-9474-1A3956D46DE8}") = "Projects", "Projects", "{E89BBA09-4E6E-4559-8A0D-CE50B6C5516B}"
EndProject
Project("{FAE04EC0-301F-11D3-BF4B-00C04F79EFBC}") = "TodoApp", "Lesson_03\Projects\TodoApp\TodoApp.csproj", "{BAF73D96-B5CA-4C14-B5EA-B219637087E1}"
EndProject
Project("{FAE04EC0-301F-11D3-BF4B-00C04F79EFBC}") = "Kanban.Entity", "Kanban.Entity\Kanban.Entity.csproj", "{BFE24DDB-B03E-4F1E-880B-D1B59235ED69}"
EndProject
Project("{2150E333-8FDC-42A3-9474-1A3956D46DE8}") = "Lesson_04", "Lesson_04", "{521BED53-2C68-429F-9CB6-F531D4BC15E9}"
EndProject
Project("{2150E333-8FDC-42A3-9474-1A3956D46DE8}") = "Projects", "Projects", "{F1D12981-637D-4161-9B7B-03E2A136BEAE}"
EndProject
Project("{FAE04EC0-301F-11D3-BF4B-00C04F79EFBC}") = "KanbanApp", "Lesson_04\Projects\KanbanApp\KanbanApp.csproj", "{55D6B1CE-8B90-49EA-9F49-89D70ECFD385}"
EndProject
Project("{FAE04EC0-301F-11D3-BF4B-00C04F79EFBC}") = "Kanban.Data", "Kanban.Data\Kanban.Data.csproj", "{A665D921-1208-41A7-BD44-61C214F2FC78}"
EndProject
Project("{FAE04EC0-301F-11D3-BF4B-00C04F79EFBC}") = "Kanban.Data.Tests", "Kanban.Data.Tests\Kanban.Data.Tests.csproj", "{A068F4AC-8BC4-4552-8020-5F24A30132E9}"
EndProject
Project("{2150E333-8FDC-42A3-9474-1A3956D46DE8}") = "Lesson_06", "Lesson_06", "{4CE7826E-934C-4C31-AAAD-F51C34F30B50}"
EndProject
Project("{2150E333-8FDC-42A3-9474-1A3956D46DE8}") = "Projects", "Projects", "{D1C75E29-4966-4EFE-974A-F763C9B7D696}"
EndProject
Project("{FAE04EC0-301F-11D3-BF4B-00C04F79EFBC}") = "Playground", "Lesson_06\Projects\Playground\Playground.csproj", "{58F8429D-4722-467D-8AD0-DCB22AD57F55}"
EndProject
Project("{FAE04EC0-301F-11D3-BF4B-00C04F79EFBC}") = "Exercise", "Lesson_06\Projects\Exercise\Exercise.csproj", "{63CB66E0-4002-4ACB-A6C7-5A130DEE9ACE}"
EndProject
Project("{2150E333-8FDC-42A3-9474-1A3956D46DE8}") = "Lesson_07", "Lesson_07", "{2940EE3E-C5DB-435E-B4F8-FD9322568614}"
EndProject
Project("{2150E333-8FDC-42A3-9474-1A3956D46DE8}") = "Projects", "Projects", "{46E1CB92-A0F0-450D-9DAB-D45C3EF3229E}"
EndProject
Project("{FAE04EC0-301F-11D3-BF4B-00C04F79EFBC}") = "UsingEvents", "Lesson_07\Projects\UsingEvents\UsingEvents.csproj", "{353AD4D4-3C0B-433D-8FBF-DE1241A1EB93}"
EndProject
Project("{FAE04EC0-301F-11D3-BF4B-00C04F79EFBC}") = "UsingExtensions", "Lesson_07\Projects\UsingExtensions\UsingExtensions.csproj", "{9D36F36B-41A6-474F-97F8-F5F00FC3C8D9}"
EndProject
Project("{FAE04EC0-301F-11D3-BF4B-00C04F79EFBC}") = "Kanban.Extensions", "Kanban.Extensions\Kanban.Extensions.csproj", "{772E1FAD-6F5C-4040-85C6-81A275FCCDE7}"
EndProject
Project("{FAE04EC0-301F-11D3-BF4B-00C04F79EFBC}") = "Kanban.Extensions.Tests", "Kanban.Extensions.Tests\Kanban.Extensions.Tests.csproj", "{03273F68-483B-48AA-9593-8E7E977DCC92}"
EndProject
Project("{FAE04EC0-301F-11D3-BF4B-00C04F79EFBC}") = "Kanban.Runtime", "Kanban.Runtime\Kanban.Runtime.csproj", "{8481C795-7E2E-45FF-95C4-1635F519694C}"
EndProject
Project("{2150E333-8FDC-42A3-9474-1A3956D46DE8}") = "Lesson_08", "Lesson_08", "{BBDAEC56-387E-4B39-9C5B-C03583537CE4}"
EndProject
Project("{2150E333-8FDC-42A3-9474-1A3956D46DE8}") = "Projects", "Projects", "{6CFFB1D1-E48D-4712-A8D9-EC0FE7D47F13}"
EndProject
Project("{FAE04EC0-301F-11D3-BF4B-00C04F79EFBC}") = "UsingFileOperations", "Lesson_08\Projects\UsingFileOperations\UsingFileOperations.csproj", "{61F82AC5-4F41-45DC-92EC-C5F0A3B76F79}"
EndProject
Global
	GlobalSection(SolutionConfigurationPlatforms) = preSolution
		Debug|Any CPU = Debug|Any CPU
		Release|Any CPU = Release|Any CPU
	EndGlobalSection
	GlobalSection(ProjectConfigurationPlatforms) = postSolution
		{E6B15056-81B6-4FE4-8CF1-B8A27478DE6D}.Debug|Any CPU.ActiveCfg = Debug|Any CPU
		{E6B15056-81B6-4FE4-8CF1-B8A27478DE6D}.Debug|Any CPU.Build.0 = Debug|Any CPU
		{E6B15056-81B6-4FE4-8CF1-B8A27478DE6D}.Release|Any CPU.ActiveCfg = Release|Any CPU
		{E6B15056-81B6-4FE4-8CF1-B8A27478DE6D}.Release|Any CPU.Build.0 = Release|Any CPU
		{BD44FE88-EB28-447B-B077-41BA18D115E3}.Debug|Any CPU.ActiveCfg = Debug|Any CPU
		{BD44FE88-EB28-447B-B077-41BA18D115E3}.Debug|Any CPU.Build.0 = Debug|Any CPU
		{BD44FE88-EB28-447B-B077-41BA18D115E3}.Release|Any CPU.ActiveCfg = Release|Any CPU
		{BD44FE88-EB28-447B-B077-41BA18D115E3}.Release|Any CPU.Build.0 = Release|Any CPU
		{7B618E7A-D88B-4692-AD22-EEF8FD621AA6}.Debug|Any CPU.ActiveCfg = Debug|Any CPU
		{7B618E7A-D88B-4692-AD22-EEF8FD621AA6}.Debug|Any CPU.Build.0 = Debug|Any CPU
		{7B618E7A-D88B-4692-AD22-EEF8FD621AA6}.Release|Any CPU.ActiveCfg = Release|Any CPU
		{7B618E7A-D88B-4692-AD22-EEF8FD621AA6}.Release|Any CPU.Build.0 = Release|Any CPU
		{CB6F93CB-E8A3-457D-B5C6-D077FD67D09C}.Debug|Any CPU.ActiveCfg = Debug|Any CPU
		{CB6F93CB-E8A3-457D-B5C6-D077FD67D09C}.Debug|Any CPU.Build.0 = Debug|Any CPU
		{CB6F93CB-E8A3-457D-B5C6-D077FD67D09C}.Release|Any CPU.ActiveCfg = Release|Any CPU
		{CB6F93CB-E8A3-457D-B5C6-D077FD67D09C}.Release|Any CPU.Build.0 = Release|Any CPU
		{BAF73D96-B5CA-4C14-B5EA-B219637087E1}.Debug|Any CPU.ActiveCfg = Debug|Any CPU
		{BAF73D96-B5CA-4C14-B5EA-B219637087E1}.Debug|Any CPU.Build.0 = Debug|Any CPU
		{BAF73D96-B5CA-4C14-B5EA-B219637087E1}.Release|Any CPU.ActiveCfg = Release|Any CPU
		{BAF73D96-B5CA-4C14-B5EA-B219637087E1}.Release|Any CPU.Build.0 = Release|Any CPU
		{BFE24DDB-B03E-4F1E-880B-D1B59235ED69}.Debug|Any CPU.ActiveCfg = Debug|Any CPU
		{BFE24DDB-B03E-4F1E-880B-D1B59235ED69}.Debug|Any CPU.Build.0 = Debug|Any CPU
		{BFE24DDB-B03E-4F1E-880B-D1B59235ED69}.Release|Any CPU.ActiveCfg = Release|Any CPU
		{BFE24DDB-B03E-4F1E-880B-D1B59235ED69}.Release|Any CPU.Build.0 = Release|Any CPU
		{55D6B1CE-8B90-49EA-9F49-89D70ECFD385}.Debug|Any CPU.ActiveCfg = Debug|Any CPU
		{55D6B1CE-8B90-49EA-9F49-89D70ECFD385}.Debug|Any CPU.Build.0 = Debug|Any CPU
		{55D6B1CE-8B90-49EA-9F49-89D70ECFD385}.Release|Any CPU.ActiveCfg = Release|Any CPU
		{55D6B1CE-8B90-49EA-9F49-89D70ECFD385}.Release|Any CPU.Build.0 = Release|Any CPU
		{A665D921-1208-41A7-BD44-61C214F2FC78}.Debug|Any CPU.ActiveCfg = Debug|Any CPU
		{A665D921-1208-41A7-BD44-61C214F2FC78}.Debug|Any CPU.Build.0 = Debug|Any CPU
		{A665D921-1208-41A7-BD44-61C214F2FC78}.Release|Any CPU.ActiveCfg = Release|Any CPU
		{A665D921-1208-41A7-BD44-61C214F2FC78}.Release|Any CPU.Build.0 = Release|Any CPU
		{A068F4AC-8BC4-4552-8020-5F24A30132E9}.Debug|Any CPU.ActiveCfg = Debug|Any CPU
		{A068F4AC-8BC4-4552-8020-5F24A30132E9}.Debug|Any CPU.Build.0 = Debug|Any CPU
		{A068F4AC-8BC4-4552-8020-5F24A30132E9}.Release|Any CPU.ActiveCfg = Release|Any CPU
		{A068F4AC-8BC4-4552-8020-5F24A30132E9}.Release|Any CPU.Build.0 = Release|Any CPU
		{58F8429D-4722-467D-8AD0-DCB22AD57F55}.Debug|Any CPU.ActiveCfg = Debug|Any CPU
		{58F8429D-4722-467D-8AD0-DCB22AD57F55}.Debug|Any CPU.Build.0 = Debug|Any CPU
		{58F8429D-4722-467D-8AD0-DCB22AD57F55}.Release|Any CPU.ActiveCfg = Release|Any CPU
		{58F8429D-4722-467D-8AD0-DCB22AD57F55}.Release|Any CPU.Build.0 = Release|Any CPU
		{63CB66E0-4002-4ACB-A6C7-5A130DEE9ACE}.Debug|Any CPU.ActiveCfg = Debug|Any CPU
		{63CB66E0-4002-4ACB-A6C7-5A130DEE9ACE}.Debug|Any CPU.Build.0 = Debug|Any CPU
		{63CB66E0-4002-4ACB-A6C7-5A130DEE9ACE}.Release|Any CPU.ActiveCfg = Release|Any CPU
		{63CB66E0-4002-4ACB-A6C7-5A130DEE9ACE}.Release|Any CPU.Build.0 = Release|Any CPU
		{353AD4D4-3C0B-433D-8FBF-DE1241A1EB93}.Debug|Any CPU.ActiveCfg = Debug|Any CPU
		{353AD4D4-3C0B-433D-8FBF-DE1241A1EB93}.Debug|Any CPU.Build.0 = Debug|Any CPU
		{353AD4D4-3C0B-433D-8FBF-DE1241A1EB93}.Release|Any CPU.ActiveCfg = Release|Any CPU
		{353AD4D4-3C0B-433D-8FBF-DE1241A1EB93}.Release|Any CPU.Build.0 = Release|Any CPU
		{9D36F36B-41A6-474F-97F8-F5F00FC3C8D9}.Debug|Any CPU.ActiveCfg = Debug|Any CPU
		{9D36F36B-41A6-474F-97F8-F5F00FC3C8D9}.Debug|Any CPU.Build.0 = Debug|Any CPU
		{9D36F36B-41A6-474F-97F8-F5F00FC3C8D9}.Release|Any CPU.ActiveCfg = Release|Any CPU
		{9D36F36B-41A6-474F-97F8-F5F00FC3C8D9}.Release|Any CPU.Build.0 = Release|Any CPU
		{772E1FAD-6F5C-4040-85C6-81A275FCCDE7}.Debug|Any CPU.ActiveCfg = Debug|Any CPU
		{772E1FAD-6F5C-4040-85C6-81A275FCCDE7}.Debug|Any CPU.Build.0 = Debug|Any CPU
		{772E1FAD-6F5C-4040-85C6-81A275FCCDE7}.Release|Any CPU.ActiveCfg = Release|Any CPU
		{772E1FAD-6F5C-4040-85C6-81A275FCCDE7}.Release|Any CPU.Build.0 = Release|Any CPU
		{03273F68-483B-48AA-9593-8E7E977DCC92}.Debug|Any CPU.ActiveCfg = Debug|Any CPU
		{03273F68-483B-48AA-9593-8E7E977DCC92}.Debug|Any CPU.Build.0 = Debug|Any CPU
		{03273F68-483B-48AA-9593-8E7E977DCC92}.Release|Any CPU.ActiveCfg = Release|Any CPU
		{03273F68-483B-48AA-9593-8E7E977DCC92}.Release|Any CPU.Build.0 = Release|Any CPU
		{8481C795-7E2E-45FF-95C4-1635F519694C}.Debug|Any CPU.ActiveCfg = Debug|Any CPU
		{8481C795-7E2E-45FF-95C4-1635F519694C}.Debug|Any CPU.Build.0 = Debug|Any CPU
		{8481C795-7E2E-45FF-95C4-1635F519694C}.Release|Any CPU.ActiveCfg = Release|Any CPU
		{8481C795-7E2E-45FF-95C4-1635F519694C}.Release|Any CPU.Build.0 = Release|Any CPU
		{077C130E-1F8C-41CE-9090-8775909CC180}.Debug|Any CPU.ActiveCfg = Debug|Any CPU
		{077C130E-1F8C-41CE-9090-8775909CC180}.Debug|Any CPU.Build.0 = Debug|Any CPU
		{077C130E-1F8C-41CE-9090-8775909CC180}.Release|Any CPU.ActiveCfg = Release|Any CPU
		{077C130E-1F8C-41CE-9090-8775909CC180}.Release|Any CPU.Build.0 = Release|Any CPU
		{61F82AC5-4F41-45DC-92EC-C5F0A3B76F79}.Debug|Any CPU.ActiveCfg = Debug|Any CPU
		{61F82AC5-4F41-45DC-92EC-C5F0A3B76F79}.Debug|Any CPU.Build.0 = Debug|Any CPU
		{61F82AC5-4F41-45DC-92EC-C5F0A3B76F79}.Release|Any CPU.ActiveCfg = Release|Any CPU
		{61F82AC5-4F41-45DC-92EC-C5F0A3B76F79}.Release|Any CPU.Build.0 = Release|Any CPU
	EndGlobalSection
	GlobalSection(SolutionProperties) = preSolution
		HideSolutionNode = FALSE
	EndGlobalSection
	GlobalSection(NestedProjects) = preSolution
		{3C072978-6A2B-4230-BFC8-2C850B2E5DAB} = {F540E157-2F6D-454F-AECB-D591E0B5C233}
		{E6B15056-81B6-4FE4-8CF1-B8A27478DE6D} = {3C072978-6A2B-4230-BFC8-2C850B2E5DAB}
		{BD44FE88-EB28-447B-B077-41BA18D115E3} = {3C072978-6A2B-4230-BFC8-2C850B2E5DAB}
		{39916D3E-4719-4316-B1BE-894CD18D42D4} = {D36489D6-84D2-40B6-8D46-AEA23C9DC58C}
		{7B618E7A-D88B-4692-AD22-EEF8FD621AA6} = {39916D3E-4719-4316-B1BE-894CD18D42D4}
		{05F8D949-E905-462F-99DB-E7075934E5F1} = {08E2CF4D-F5BA-4337-9335-E8D54593C83E}
		{CB6F93CB-E8A3-457D-B5C6-D077FD67D09C} = {05F8D949-E905-462F-99DB-E7075934E5F1}
		{E89BBA09-4E6E-4559-8A0D-CE50B6C5516B} = {6871070E-DE07-4532-B613-AF15760903BF}
		{BAF73D96-B5CA-4C14-B5EA-B219637087E1} = {E89BBA09-4E6E-4559-8A0D-CE50B6C5516B}
		{F1D12981-637D-4161-9B7B-03E2A136BEAE} = {521BED53-2C68-429F-9CB6-F531D4BC15E9}
		{55D6B1CE-8B90-49EA-9F49-89D70ECFD385} = {F1D12981-637D-4161-9B7B-03E2A136BEAE}
		{D1C75E29-4966-4EFE-974A-F763C9B7D696} = {4CE7826E-934C-4C31-AAAD-F51C34F30B50}
		{58F8429D-4722-467D-8AD0-DCB22AD57F55} = {D1C75E29-4966-4EFE-974A-F763C9B7D696}
		{63CB66E0-4002-4ACB-A6C7-5A130DEE9ACE} = {D1C75E29-4966-4EFE-974A-F763C9B7D696}
		{46E1CB92-A0F0-450D-9DAB-D45C3EF3229E} = {2940EE3E-C5DB-435E-B4F8-FD9322568614}
		{353AD4D4-3C0B-433D-8FBF-DE1241A1EB93} = {46E1CB92-A0F0-450D-9DAB-D45C3EF3229E}
		{9D36F36B-41A6-474F-97F8-F5F00FC3C8D9} = {46E1CB92-A0F0-450D-9DAB-D45C3EF3229E}
		{6CFFB1D1-E48D-4712-A8D9-EC0FE7D47F13} = {BBDAEC56-387E-4B39-9C5B-C03583537CE4}
		{61F82AC5-4F41-45DC-92EC-C5F0A3B76F79} = {6CFFB1D1-E48D-4712-A8D9-EC0FE7D47F13}
	EndGlobalSection
	GlobalSection(ExtensibilityGlobals) = postSolution
		SolutionGuid = {F6EDC358-2123-4182-9A8F-84C3473E6905}
	EndGlobalSection
EndGlobal
